
Microsoft Visual Studio Solution File, Format Version 12.00
# Visual Studio Version 17
VisualStudioVersion = 17.9.34616.47
MinimumVisualStudioVersion = 10.0.40219.1
Project("{9A19103F-16F7-4668-BE54-9A1E7A4F7556}") = "Yoga", "Yoga\Yoga.csproj", "{0CE84F85-1699-4DBB-92C1-2D074C0EE9F4}"
EndProject
Project("{9A19103F-16F7-4668-BE54-9A1E7A4F7556}") = "UtilityLibrary", "UtilityLibrary\UtilityLibrary.csproj", "{7D733615-FC36-4407-B574-FE21AF5AF414}"
EndProject
Project("{9A19103F-16F7-4668-BE54-9A1E7A4F7556}") = "Backend", "Backend\Backend.csproj", "{9F30D465-592E-4612-8150-CE6BF1095BF6}"
EndProject
Project("{9A19103F-16F7-4668-BE54-9A1E7A4F7556}") = "UserClass", "User\UserClass.csproj", "{766F9412-3C18-40CE-ADE0-37BD5AA1BB7F}"
EndProject
Project("{FAE04EC0-301F-11D3-BF4B-00C04F79EFBC}") = "GUI", "GUI\GUI.csproj", "{76E98175-7408-4B87-A18E-C6D852598510}"
EndProject
Project("{9A19103F-16F7-4668-BE54-9A1E7A4F7556}") = "DataTypes", "DataTypes\DataTypes.csproj", "{A2B5CD12-A653-48A7-A658-8069012F9118}"
EndProject
Project("{FAE04EC0-301F-11D3-BF4B-00C04F79EFBC}") = "TestingGround", "TestingGround\TestingGround.csproj", "{FFA21F4A-99A5-45AE-890E-19E6F063CBD1}"
EndProject
Global
	GlobalSection(SolutionConfigurationPlatforms) = preSolution
		Debug|Any CPU = Debug|Any CPU
		Release|Any CPU = Release|Any CPU
	EndGlobalSection
	GlobalSection(ProjectConfigurationPlatforms) = postSolution
		{0CE84F85-1699-4DBB-92C1-2D074C0EE9F4}.Debug|Any CPU.ActiveCfg = Debug|Any CPU
		{0CE84F85-1699-4DBB-92C1-2D074C0EE9F4}.Debug|Any CPU.Build.0 = Debug|Any CPU
		{0CE84F85-1699-4DBB-92C1-2D074C0EE9F4}.Release|Any CPU.ActiveCfg = Release|Any CPU
		{0CE84F85-1699-4DBB-92C1-2D074C0EE9F4}.Release|Any CPU.Build.0 = Release|Any CPU
		{7D733615-FC36-4407-B574-FE21AF5AF414}.Debug|Any CPU.ActiveCfg = Debug|Any CPU
		{7D733615-FC36-4407-B574-FE21AF5AF414}.Debug|Any CPU.Build.0 = Debug|Any CPU
		{7D733615-FC36-4407-B574-FE21AF5AF414}.Release|Any CPU.ActiveCfg = Release|Any CPU
		{7D733615-FC36-4407-B574-FE21AF5AF414}.Release|Any CPU.Build.0 = Release|Any CPU
		{9F30D465-592E-4612-8150-CE6BF1095BF6}.Debug|Any CPU.ActiveCfg = Debug|Any CPU
		{9F30D465-592E-4612-8150-CE6BF1095BF6}.Debug|Any CPU.Build.0 = Debug|Any CPU
		{9F30D465-592E-4612-8150-CE6BF1095BF6}.Release|Any CPU.ActiveCfg = Release|Any CPU
		{9F30D465-592E-4612-8150-CE6BF1095BF6}.Release|Any CPU.Build.0 = Release|Any CPU
		{766F9412-3C18-40CE-ADE0-37BD5AA1BB7F}.Debug|Any CPU.ActiveCfg = Debug|Any CPU
		{766F9412-3C18-40CE-ADE0-37BD5AA1BB7F}.Debug|Any CPU.Build.0 = Debug|Any CPU
		{766F9412-3C18-40CE-ADE0-37BD5AA1BB7F}.Release|Any CPU.ActiveCfg = Release|Any CPU
		{766F9412-3C18-40CE-ADE0-37BD5AA1BB7F}.Release|Any CPU.Build.0 = Release|Any CPU
		{76E98175-7408-4B87-A18E-C6D852598510}.Debug|Any CPU.ActiveCfg = Debug|Any CPU
		{76E98175-7408-4B87-A18E-C6D852598510}.Debug|Any CPU.Build.0 = Debug|Any CPU
		{76E98175-7408-4B87-A18E-C6D852598510}.Release|Any CPU.ActiveCfg = Release|Any CPU
		{76E98175-7408-4B87-A18E-C6D852598510}.Release|Any CPU.Build.0 = Release|Any CPU
		{A2B5CD12-A653-48A7-A658-8069012F9118}.Debug|Any CPU.ActiveCfg = Debug|Any CPU
		{A2B5CD12-A653-48A7-A658-8069012F9118}.Debug|Any CPU.Build.0 = Debug|Any CPU
		{A2B5CD12-A653-48A7-A658-8069012F9118}.Release|Any CPU.ActiveCfg = Release|Any CPU
		{A2B5CD12-A653-48A7-A658-8069012F9118}.Release|Any CPU.Build.0 = Release|Any CPU
		{FFA21F4A-99A5-45AE-890E-19E6F063CBD1}.Debug|Any CPU.ActiveCfg = Debug|Any CPU
		{FFA21F4A-99A5-45AE-890E-19E6F063CBD1}.Debug|Any CPU.Build.0 = Debug|Any CPU
		{FFA21F4A-99A5-45AE-890E-19E6F063CBD1}.Release|Any CPU.ActiveCfg = Release|Any CPU
		{FFA21F4A-99A5-45AE-890E-19E6F063CBD1}.Release|Any CPU.Build.0 = Release|Any CPU
	EndGlobalSection
	GlobalSection(SolutionProperties) = preSolution
		HideSolutionNode = FALSE
	EndGlobalSection
	GlobalSection(ExtensibilityGlobals) = postSolution
		SolutionGuid = {3C689926-EA49-4E0E-9EE0-3FCD666F134C}
	EndGlobalSection
EndGlobal
